
Microsoft Visual Studio Solution File, Format Version 12.00
# Visual Studio Version 17
VisualStudioVersion = 17.3.32922.545
MinimumVisualStudioVersion = 10.0.40219.1
Project("{FAE04EC0-301F-11D3-BF4B-00C04F79EFBC}") = "Muresan_Alexandru-Vasile_Lab2", "Muresan_Alexandru-Vasile_Lab2.csproj", "{1889B2B8-6742-4824-BE2D-13855A660EA9}"
EndProject
Global
	GlobalSection(SolutionConfigurationPlatforms) = preSolution
		Debug|Any CPU = Debug|Any CPU
		Release|Any CPU = Release|Any CPU
	EndGlobalSection
	GlobalSection(ProjectConfigurationPlatforms) = postSolution
		{1889B2B8-6742-4824-BE2D-13855A660EA9}.Debug|Any CPU.ActiveCfg = Debug|Any CPU
		{1889B2B8-6742-4824-BE2D-13855A660EA9}.Debug|Any CPU.Build.0 = Debug|Any CPU
		{1889B2B8-6742-4824-BE2D-13855A660EA9}.Release|Any CPU.ActiveCfg = Release|Any CPU
		{1889B2B8-6742-4824-BE2D-13855A660EA9}.Release|Any CPU.Build.0 = Release|Any CPU
	EndGlobalSection
	GlobalSection(SolutionProperties) = preSolution
		HideSolutionNode = FALSE
	EndGlobalSection
	GlobalSection(ExtensibilityGlobals) = postSolution
		SolutionGuid = {C9EBAA3E-9F3B-428C-B080-1A856E606D69}
	EndGlobalSection
EndGlobal
